
Microsoft Visual Studio Solution File, Format Version 12.00
# Visual Studio 15
VisualStudioVersion = 15.0.28307.539
MinimumVisualStudioVersion = 10.0.40219.1
Project("{FAE04EC0-301F-11D3-BF4B-00C04F79EFBC}") = "Es1.1", "Es1.1\Es1.1.csproj", "{D5803FF0-132A-43AD-AB64-6A700ED6ED5D}"
EndProject
Project("{FAE04EC0-301F-11D3-BF4B-00C04F79EFBC}") = "Es2.1", "Es2.1\Es2.1.csproj", "{CB442C7B-F8A1-4458-B148-0CFC179134FB}"
EndProject
Project("{FAE04EC0-301F-11D3-BF4B-00C04F79EFBC}") = "Es3.1", "Es3.1\Es3.1.csproj", "{B30E971C-7E8E-4E8E-B773-902DD2E6EB76}"
EndProject
Project("{FAE04EC0-301F-11D3-BF4B-00C04F79EFBC}") = "Es3.2", "Es3.2\Es3.2.csproj", "{8DED20E8-2BEB-46B5-AF1C-F4089FF8BA52}"
EndProject
Project("{FAE04EC0-301F-11D3-BF4B-00C04F79EFBC}") = "Es4", "Es4\Es4.csproj", "{77A52A0B-41DC-4C6E-87AB-7D93C42FBDAF}"
EndProject
Project("{FAE04EC0-301F-11D3-BF4B-00C04F79EFBC}") = "Es5.1", "Es5.1\Es5.1.csproj", "{EC947BBC-1D9E-4AC7-A016-EDAD5F79A89D}"
EndProject
Project("{FAE04EC0-301F-11D3-BF4B-00C04F79EFBC}") = "Es10_1", "Es10_1\Es10_1.csproj", "{A97A5A35-E8EA-4BB5-8993-C622E116553C}"
EndProject
Project("{FAE04EC0-301F-11D3-BF4B-00C04F79EFBC}") = "Es9_1", "Es9_1\Es9_1.csproj", "{AEEC0259-E00F-4034-B947-C11AABD385D8}"
EndProject
Project("{FAE04EC0-301F-11D3-BF4B-00C04F79EFBC}") = "Es_18.1", "Es_18.1\Es_18.1.csproj", "{671B5BA3-8C2B-482E-B926-2D8FCA859C9B}"
EndProject
Project("{FAE04EC0-301F-11D3-BF4B-00C04F79EFBC}") = "Es18_2", "Es18_2\Es18_2.csproj", "{C7AB33DC-E6E9-4020-AC15-D5CB11FE9237}"
EndProject
Project("{FAE04EC0-301F-11D3-BF4B-00C04F79EFBC}") = "Es23_1", "Es23_1\Es23_1.csproj", "{A0068249-CC27-40C5-8025-05BEB1E0888B}"
EndProject
Project("{FAE04EC0-301F-11D3-BF4B-00C04F79EFBC}") = "Es23_2", "Es23_2\Es23_2.csproj", "{E87ACCAE-5B93-4382-A376-968207B3F390}"
EndProject
Project("{FAE04EC0-301F-11D3-BF4B-00C04F79EFBC}") = "Es_14_1", "Es_14_1\Es_14_1.csproj", "{6D4B4244-A77A-44FA-B809-F3436E635186}"
EndProject
Project("{FAE04EC0-301F-11D3-BF4B-00C04F79EFBC}") = "Es14_2", "Es14_2\Es14_2.csproj", "{111B8271-064B-408C-88A4-E9CD5279DA72}"
EndProject
Project("{FAE04EC0-301F-11D3-BF4B-00C04F79EFBC}") = "Es14_3", "Es14_3\Es14_3.csproj", "{8C2F1B87-DDDB-4B8E-A603-13814D4B3B9C}"
EndProject
Project("{FAE04EC0-301F-11D3-BF4B-00C04F79EFBC}") = "Es9_2", "Es9_2\Es9_2.csproj", "{4431096C-5834-4FD4-B22C-7299E019D4FE}"
EndProject
Project("{FAE04EC0-301F-11D3-BF4B-00C04F79EFBC}") = "Es6_1", "Es6_1\Es6_1.csproj", "{2E82C39A-1295-42B0-B2FC-961AB245977E}"
EndProject
Project("{FAE04EC0-301F-11D3-BF4B-00C04F79EFBC}") = "Es6_2", "Es6_2\Es6_2.csproj", "{ECEAC9D0-397B-49CD-B203-0D4F6B651489}"
EndProject
Project("{FAE04EC0-301F-11D3-BF4B-00C04F79EFBC}") = "Es7", "Es7\Es7.csproj", "{CEDCF52C-617F-4E3C-B6C2-B5B9DE99216A}"
EndProject
Project("{FAE04EC0-301F-11D3-BF4B-00C04F79EFBC}") = "Es8", "Es8\Es8.csproj", "{265523E8-6A2B-45CD-B5B5-202B4B5088BB}"
EndProject
Project("{FAE04EC0-301F-11D3-BF4B-00C04F79EFBC}") = "Es10_2", "Es10_2\Es10_2.csproj", "{A681DD85-6980-4B6B-A7C9-A8F66A865FA6}"
EndProject
Project("{FAE04EC0-301F-11D3-BF4B-00C04F79EFBC}") = "Es11", "Es11\Es11.csproj", "{937A832F-F9AA-41B6-808B-B874856276A9}"
EndProject
Project("{FAE04EC0-301F-11D3-BF4B-00C04F79EFBC}") = "Es12", "Es12\Es12.csproj", "{DB428810-CBC7-45A3-A1AE-922EC98E4388}"
EndProject
Project("{FAE04EC0-301F-11D3-BF4B-00C04F79EFBC}") = "Es13", "Es13\Es13.csproj", "{D0C57329-816D-426A-BF99-AA88C69DFCEB}"
EndProject
Project("{FAE04EC0-301F-11D3-BF4B-00C04F79EFBC}") = "Es16", "Es16\Es16.csproj", "{1A300449-77C4-4291-B52C-50F6A204255E}"
EndProject
Project("{FAE04EC0-301F-11D3-BF4B-00C04F79EFBC}") = "Es17", "Es17\Es17.csproj", "{6D57DD88-86BC-4F5D-B298-8F14B8E31CA4}"
EndProject
Project("{FAE04EC0-301F-11D3-BF4B-00C04F79EFBC}") = "Es20", "Es20\Es20.csproj", "{089C5BD7-B708-46DE-B442-EC472AC23995}"
EndProject
Project("{FAE04EC0-301F-11D3-BF4B-00C04F79EFBC}") = "Es25", "Es25\Es25.csproj", "{E1B75CC5-101C-4B45-A217-25E8AAF6FAB1}"
EndProject
Project("{FAE04EC0-301F-11D3-BF4B-00C04F79EFBC}") = "Es26", "Es26\Es26.csproj", "{AF8AC74D-35C5-44EF-928D-0E205AD09FA0}"
EndProject
Project("{FAE04EC0-301F-11D3-BF4B-00C04F79EFBC}") = "Es28", "Es28\Es28.csproj", "{0C3E4A1B-0CEB-418A-A388-CDD9689E8D18}"
EndProject
Project("{FAE04EC0-301F-11D3-BF4B-00C04F79EFBC}") = "Es22", "Es22\Es22.csproj", "{22541B75-0610-40B6-8569-540A3E801A74}"
EndProject
Project("{FAE04EC0-301F-11D3-BF4B-00C04F79EFBC}") = "Es19", "Es19\Es19.csproj", "{D82EA678-60C9-48D4-8C3A-4827191A0502}"
EndProject
Global
	GlobalSection(SolutionConfigurationPlatforms) = preSolution
		Debug|Any CPU = Debug|Any CPU
		Release|Any CPU = Release|Any CPU
	EndGlobalSection
	GlobalSection(ProjectConfigurationPlatforms) = postSolution
		{D5803FF0-132A-43AD-AB64-6A700ED6ED5D}.Debug|Any CPU.ActiveCfg = Debug|Any CPU
		{D5803FF0-132A-43AD-AB64-6A700ED6ED5D}.Debug|Any CPU.Build.0 = Debug|Any CPU
		{D5803FF0-132A-43AD-AB64-6A700ED6ED5D}.Release|Any CPU.ActiveCfg = Release|Any CPU
		{D5803FF0-132A-43AD-AB64-6A700ED6ED5D}.Release|Any CPU.Build.0 = Release|Any CPU
		{CB442C7B-F8A1-4458-B148-0CFC179134FB}.Debug|Any CPU.ActiveCfg = Debug|Any CPU
		{CB442C7B-F8A1-4458-B148-0CFC179134FB}.Debug|Any CPU.Build.0 = Debug|Any CPU
		{CB442C7B-F8A1-4458-B148-0CFC179134FB}.Release|Any CPU.ActiveCfg = Release|Any CPU
		{CB442C7B-F8A1-4458-B148-0CFC179134FB}.Release|Any CPU.Build.0 = Release|Any CPU
		{B30E971C-7E8E-4E8E-B773-902DD2E6EB76}.Debug|Any CPU.ActiveCfg = Debug|Any CPU
		{B30E971C-7E8E-4E8E-B773-902DD2E6EB76}.Debug|Any CPU.Build.0 = Debug|Any CPU
		{B30E971C-7E8E-4E8E-B773-902DD2E6EB76}.Release|Any CPU.ActiveCfg = Release|Any CPU
		{B30E971C-7E8E-4E8E-B773-902DD2E6EB76}.Release|Any CPU.Build.0 = Release|Any CPU
		{8DED20E8-2BEB-46B5-AF1C-F4089FF8BA52}.Debug|Any CPU.ActiveCfg = Debug|Any CPU
		{8DED20E8-2BEB-46B5-AF1C-F4089FF8BA52}.Debug|Any CPU.Build.0 = Debug|Any CPU
		{8DED20E8-2BEB-46B5-AF1C-F4089FF8BA52}.Release|Any CPU.ActiveCfg = Release|Any CPU
		{8DED20E8-2BEB-46B5-AF1C-F4089FF8BA52}.Release|Any CPU.Build.0 = Release|Any CPU
		{77A52A0B-41DC-4C6E-87AB-7D93C42FBDAF}.Debug|Any CPU.ActiveCfg = Debug|Any CPU
		{77A52A0B-41DC-4C6E-87AB-7D93C42FBDAF}.Debug|Any CPU.Build.0 = Debug|Any CPU
		{77A52A0B-41DC-4C6E-87AB-7D93C42FBDAF}.Release|Any CPU.ActiveCfg = Release|Any CPU
		{77A52A0B-41DC-4C6E-87AB-7D93C42FBDAF}.Release|Any CPU.Build.0 = Release|Any CPU
		{EC947BBC-1D9E-4AC7-A016-EDAD5F79A89D}.Debug|Any CPU.ActiveCfg = Debug|Any CPU
		{EC947BBC-1D9E-4AC7-A016-EDAD5F79A89D}.Debug|Any CPU.Build.0 = Debug|Any CPU
		{EC947BBC-1D9E-4AC7-A016-EDAD5F79A89D}.Release|Any CPU.ActiveCfg = Release|Any CPU
		{EC947BBC-1D9E-4AC7-A016-EDAD5F79A89D}.Release|Any CPU.Build.0 = Release|Any CPU
		{A97A5A35-E8EA-4BB5-8993-C622E116553C}.Debug|Any CPU.ActiveCfg = Debug|Any CPU
		{A97A5A35-E8EA-4BB5-8993-C622E116553C}.Debug|Any CPU.Build.0 = Debug|Any CPU
		{A97A5A35-E8EA-4BB5-8993-C622E116553C}.Release|Any CPU.ActiveCfg = Release|Any CPU
		{A97A5A35-E8EA-4BB5-8993-C622E116553C}.Release|Any CPU.Build.0 = Release|Any CPU
		{AEEC0259-E00F-4034-B947-C11AABD385D8}.Debug|Any CPU.ActiveCfg = Debug|Any CPU
		{AEEC0259-E00F-4034-B947-C11AABD385D8}.Debug|Any CPU.Build.0 = Debug|Any CPU
		{AEEC0259-E00F-4034-B947-C11AABD385D8}.Release|Any CPU.ActiveCfg = Release|Any CPU
		{AEEC0259-E00F-4034-B947-C11AABD385D8}.Release|Any CPU.Build.0 = Release|Any CPU
		{671B5BA3-8C2B-482E-B926-2D8FCA859C9B}.Debug|Any CPU.ActiveCfg = Debug|Any CPU
		{671B5BA3-8C2B-482E-B926-2D8FCA859C9B}.Debug|Any CPU.Build.0 = Debug|Any CPU
		{671B5BA3-8C2B-482E-B926-2D8FCA859C9B}.Release|Any CPU.ActiveCfg = Release|Any CPU
		{671B5BA3-8C2B-482E-B926-2D8FCA859C9B}.Release|Any CPU.Build.0 = Release|Any CPU
		{C7AB33DC-E6E9-4020-AC15-D5CB11FE9237}.Debug|Any CPU.ActiveCfg = Debug|Any CPU
		{C7AB33DC-E6E9-4020-AC15-D5CB11FE9237}.Debug|Any CPU.Build.0 = Debug|Any CPU
		{C7AB33DC-E6E9-4020-AC15-D5CB11FE9237}.Release|Any CPU.ActiveCfg = Release|Any CPU
		{C7AB33DC-E6E9-4020-AC15-D5CB11FE9237}.Release|Any CPU.Build.0 = Release|Any CPU
		{A0068249-CC27-40C5-8025-05BEB1E0888B}.Debug|Any CPU.ActiveCfg = Debug|Any CPU
		{A0068249-CC27-40C5-8025-05BEB1E0888B}.Debug|Any CPU.Build.0 = Debug|Any CPU
		{A0068249-CC27-40C5-8025-05BEB1E0888B}.Release|Any CPU.ActiveCfg = Release|Any CPU
		{A0068249-CC27-40C5-8025-05BEB1E0888B}.Release|Any CPU.Build.0 = Release|Any CPU
		{E87ACCAE-5B93-4382-A376-968207B3F390}.Debug|Any CPU.ActiveCfg = Debug|Any CPU
		{E87ACCAE-5B93-4382-A376-968207B3F390}.Debug|Any CPU.Build.0 = Debug|Any CPU
		{E87ACCAE-5B93-4382-A376-968207B3F390}.Release|Any CPU.ActiveCfg = Release|Any CPU
		{E87ACCAE-5B93-4382-A376-968207B3F390}.Release|Any CPU.Build.0 = Release|Any CPU
		{6D4B4244-A77A-44FA-B809-F3436E635186}.Debug|Any CPU.ActiveCfg = Debug|Any CPU
		{6D4B4244-A77A-44FA-B809-F3436E635186}.Debug|Any CPU.Build.0 = Debug|Any CPU
		{6D4B4244-A77A-44FA-B809-F3436E635186}.Release|Any CPU.ActiveCfg = Release|Any CPU
		{6D4B4244-A77A-44FA-B809-F3436E635186}.Release|Any CPU.Build.0 = Release|Any CPU
		{111B8271-064B-408C-88A4-E9CD5279DA72}.Debug|Any CPU.ActiveCfg = Debug|Any CPU
		{111B8271-064B-408C-88A4-E9CD5279DA72}.Debug|Any CPU.Build.0 = Debug|Any CPU
		{111B8271-064B-408C-88A4-E9CD5279DA72}.Release|Any CPU.ActiveCfg = Release|Any CPU
		{111B8271-064B-408C-88A4-E9CD5279DA72}.Release|Any CPU.Build.0 = Release|Any CPU
		{8C2F1B87-DDDB-4B8E-A603-13814D4B3B9C}.Debug|Any CPU.ActiveCfg = Debug|Any CPU
		{8C2F1B87-DDDB-4B8E-A603-13814D4B3B9C}.Debug|Any CPU.Build.0 = Debug|Any CPU
		{8C2F1B87-DDDB-4B8E-A603-13814D4B3B9C}.Release|Any CPU.ActiveCfg = Release|Any CPU
		{8C2F1B87-DDDB-4B8E-A603-13814D4B3B9C}.Release|Any CPU.Build.0 = Release|Any CPU
		{4431096C-5834-4FD4-B22C-7299E019D4FE}.Debug|Any CPU.ActiveCfg = Debug|Any CPU
		{4431096C-5834-4FD4-B22C-7299E019D4FE}.Debug|Any CPU.Build.0 = Debug|Any CPU
		{4431096C-5834-4FD4-B22C-7299E019D4FE}.Release|Any CPU.ActiveCfg = Release|Any CPU
		{4431096C-5834-4FD4-B22C-7299E019D4FE}.Release|Any CPU.Build.0 = Release|Any CPU
		{2E82C39A-1295-42B0-B2FC-961AB245977E}.Debug|Any CPU.ActiveCfg = Debug|Any CPU
		{2E82C39A-1295-42B0-B2FC-961AB245977E}.Debug|Any CPU.Build.0 = Debug|Any CPU
		{2E82C39A-1295-42B0-B2FC-961AB245977E}.Release|Any CPU.ActiveCfg = Release|Any CPU
		{2E82C39A-1295-42B0-B2FC-961AB245977E}.Release|Any CPU.Build.0 = Release|Any CPU
		{ECEAC9D0-397B-49CD-B203-0D4F6B651489}.Debug|Any CPU.ActiveCfg = Debug|Any CPU
		{ECEAC9D0-397B-49CD-B203-0D4F6B651489}.Debug|Any CPU.Build.0 = Debug|Any CPU
		{ECEAC9D0-397B-49CD-B203-0D4F6B651489}.Release|Any CPU.ActiveCfg = Release|Any CPU
		{ECEAC9D0-397B-49CD-B203-0D4F6B651489}.Release|Any CPU.Build.0 = Release|Any CPU
		{CEDCF52C-617F-4E3C-B6C2-B5B9DE99216A}.Debug|Any CPU.ActiveCfg = Debug|Any CPU
		{CEDCF52C-617F-4E3C-B6C2-B5B9DE99216A}.Debug|Any CPU.Build.0 = Debug|Any CPU
		{CEDCF52C-617F-4E3C-B6C2-B5B9DE99216A}.Release|Any CPU.ActiveCfg = Release|Any CPU
		{CEDCF52C-617F-4E3C-B6C2-B5B9DE99216A}.Release|Any CPU.Build.0 = Release|Any CPU
		{265523E8-6A2B-45CD-B5B5-202B4B5088BB}.Debug|Any CPU.ActiveCfg = Debug|Any CPU
		{265523E8-6A2B-45CD-B5B5-202B4B5088BB}.Debug|Any CPU.Build.0 = Debug|Any CPU
		{265523E8-6A2B-45CD-B5B5-202B4B5088BB}.Release|Any CPU.ActiveCfg = Release|Any CPU
		{265523E8-6A2B-45CD-B5B5-202B4B5088BB}.Release|Any CPU.Build.0 = Release|Any CPU
		{A681DD85-6980-4B6B-A7C9-A8F66A865FA6}.Debug|Any CPU.ActiveCfg = Debug|Any CPU
		{A681DD85-6980-4B6B-A7C9-A8F66A865FA6}.Debug|Any CPU.Build.0 = Debug|Any CPU
		{A681DD85-6980-4B6B-A7C9-A8F66A865FA6}.Release|Any CPU.ActiveCfg = Release|Any CPU
		{A681DD85-6980-4B6B-A7C9-A8F66A865FA6}.Release|Any CPU.Build.0 = Release|Any CPU
		{937A832F-F9AA-41B6-808B-B874856276A9}.Debug|Any CPU.ActiveCfg = Debug|Any CPU
		{937A832F-F9AA-41B6-808B-B874856276A9}.Debug|Any CPU.Build.0 = Debug|Any CPU
		{937A832F-F9AA-41B6-808B-B874856276A9}.Release|Any CPU.ActiveCfg = Release|Any CPU
		{937A832F-F9AA-41B6-808B-B874856276A9}.Release|Any CPU.Build.0 = Release|Any CPU
		{DB428810-CBC7-45A3-A1AE-922EC98E4388}.Debug|Any CPU.ActiveCfg = Debug|Any CPU
		{DB428810-CBC7-45A3-A1AE-922EC98E4388}.Debug|Any CPU.Build.0 = Debug|Any CPU
		{DB428810-CBC7-45A3-A1AE-922EC98E4388}.Release|Any CPU.ActiveCfg = Release|Any CPU
		{DB428810-CBC7-45A3-A1AE-922EC98E4388}.Release|Any CPU.Build.0 = Release|Any CPU
		{D0C57329-816D-426A-BF99-AA88C69DFCEB}.Debug|Any CPU.ActiveCfg = Debug|Any CPU
		{D0C57329-816D-426A-BF99-AA88C69DFCEB}.Debug|Any CPU.Build.0 = Debug|Any CPU
		{D0C57329-816D-426A-BF99-AA88C69DFCEB}.Release|Any CPU.ActiveCfg = Release|Any CPU
		{D0C57329-816D-426A-BF99-AA88C69DFCEB}.Release|Any CPU.Build.0 = Release|Any CPU
		{1A300449-77C4-4291-B52C-50F6A204255E}.Debug|Any CPU.ActiveCfg = Debug|Any CPU
		{1A300449-77C4-4291-B52C-50F6A204255E}.Debug|Any CPU.Build.0 = Debug|Any CPU
		{1A300449-77C4-4291-B52C-50F6A204255E}.Release|Any CPU.ActiveCfg = Release|Any CPU
		{1A300449-77C4-4291-B52C-50F6A204255E}.Release|Any CPU.Build.0 = Release|Any CPU
		{6D57DD88-86BC-4F5D-B298-8F14B8E31CA4}.Debug|Any CPU.ActiveCfg = Debug|Any CPU
		{6D57DD88-86BC-4F5D-B298-8F14B8E31CA4}.Debug|Any CPU.Build.0 = Debug|Any CPU
		{6D57DD88-86BC-4F5D-B298-8F14B8E31CA4}.Release|Any CPU.ActiveCfg = Release|Any CPU
		{6D57DD88-86BC-4F5D-B298-8F14B8E31CA4}.Release|Any CPU.Build.0 = Release|Any CPU
		{089C5BD7-B708-46DE-B442-EC472AC23995}.Debug|Any CPU.ActiveCfg = Debug|Any CPU
		{089C5BD7-B708-46DE-B442-EC472AC23995}.Debug|Any CPU.Build.0 = Debug|Any CPU
		{089C5BD7-B708-46DE-B442-EC472AC23995}.Release|Any CPU.ActiveCfg = Release|Any CPU
		{089C5BD7-B708-46DE-B442-EC472AC23995}.Release|Any CPU.Build.0 = Release|Any CPU
		{E1B75CC5-101C-4B45-A217-25E8AAF6FAB1}.Debug|Any CPU.ActiveCfg = Debug|Any CPU
		{E1B75CC5-101C-4B45-A217-25E8AAF6FAB1}.Debug|Any CPU.Build.0 = Debug|Any CPU
		{E1B75CC5-101C-4B45-A217-25E8AAF6FAB1}.Release|Any CPU.ActiveCfg = Release|Any CPU
		{E1B75CC5-101C-4B45-A217-25E8AAF6FAB1}.Release|Any CPU.Build.0 = Release|Any CPU
		{AF8AC74D-35C5-44EF-928D-0E205AD09FA0}.Debug|Any CPU.ActiveCfg = Debug|Any CPU
		{AF8AC74D-35C5-44EF-928D-0E205AD09FA0}.Debug|Any CPU.Build.0 = Debug|Any CPU
		{AF8AC74D-35C5-44EF-928D-0E205AD09FA0}.Release|Any CPU.ActiveCfg = Release|Any CPU
		{AF8AC74D-35C5-44EF-928D-0E205AD09FA0}.Release|Any CPU.Build.0 = Release|Any CPU
		{0C3E4A1B-0CEB-418A-A388-CDD9689E8D18}.Debug|Any CPU.ActiveCfg = Debug|Any CPU
		{0C3E4A1B-0CEB-418A-A388-CDD9689E8D18}.Debug|Any CPU.Build.0 = Debug|Any CPU
		{0C3E4A1B-0CEB-418A-A388-CDD9689E8D18}.Release|Any CPU.ActiveCfg = Release|Any CPU
		{0C3E4A1B-0CEB-418A-A388-CDD9689E8D18}.Release|Any CPU.Build.0 = Release|Any CPU
		{22541B75-0610-40B6-8569-540A3E801A74}.Debug|Any CPU.ActiveCfg = Debug|Any CPU
		{22541B75-0610-40B6-8569-540A3E801A74}.Debug|Any CPU.Build.0 = Debug|Any CPU
		{22541B75-0610-40B6-8569-540A3E801A74}.Release|Any CPU.ActiveCfg = Release|Any CPU
		{22541B75-0610-40B6-8569-540A3E801A74}.Release|Any CPU.Build.0 = Release|Any CPU
		{D82EA678-60C9-48D4-8C3A-4827191A0502}.Debug|Any CPU.ActiveCfg = Debug|Any CPU
		{D82EA678-60C9-48D4-8C3A-4827191A0502}.Debug|Any CPU.Build.0 = Debug|Any CPU
		{D82EA678-60C9-48D4-8C3A-4827191A0502}.Release|Any CPU.ActiveCfg = Release|Any CPU
		{D82EA678-60C9-48D4-8C3A-4827191A0502}.Release|Any CPU.Build.0 = Release|Any CPU
	EndGlobalSection
	GlobalSection(SolutionProperties) = preSolution
		HideSolutionNode = FALSE
	EndGlobalSection
	GlobalSection(ExtensibilityGlobals) = postSolution
		SolutionGuid = {11370DF2-C4FA-4260-B945-B6583F479365}
	EndGlobalSection
EndGlobal
