
Microsoft Visual Studio Solution File, Format Version 12.00
# Visual Studio 15
VisualStudioVersion = 15.0.28307.539
MinimumVisualStudioVersion = 10.0.40219.1
Project("{FAE04EC0-301F-11D3-BF4B-00C04F79EFBC}") = "Esercizio2", "Esercizio2\Esercizio2.csproj", "{0F99C137-561C-496D-99CD-E1BB838447EB}"
EndProject
Project("{FAE04EC0-301F-11D3-BF4B-00C04F79EFBC}") = "Esercizio3", "Esercizio3\Esercizio3.csproj", "{5C1EFC1A-3CD0-41C1-BB9C-F12835761180}"
EndProject
Project("{FAE04EC0-301F-11D3-BF4B-00C04F79EFBC}") = "Esercizio5", "Esercizio5\Esercizio5.csproj", "{D1656C05-5588-4DC2-8183-424A8D6327FE}"
EndProject
Project("{FAE04EC0-301F-11D3-BF4B-00C04F79EFBC}") = "Esercizio10", "Esercizio10\Esercizio10.csproj", "{6719F11E-72BB-4DA7-9DA8-21F8AC92D739}"
EndProject
Project("{FAE04EC0-301F-11D3-BF4B-00C04F79EFBC}") = "Esercizio4", "Esercizio4\Esercizio4.csproj", "{C15D01BF-867D-484A-9158-82FFBC20DF9D}"
EndProject
Project("{FAE04EC0-301F-11D3-BF4B-00C04F79EFBC}") = "Esercizio4Bis", "Esercizio4Bis\Esercizio4Bis.csproj", "{BA1B965B-68BF-41A6-8122-B51E1BCC65CD}"
EndProject
Project("{FAE04EC0-301F-11D3-BF4B-00C04F79EFBC}") = "Esercizio7", "Esercizio7\Esercizio7.csproj", "{DF6AF3A8-7CDE-4A00-854E-96412A197A83}"
EndProject
Project("{FAE04EC0-301F-11D3-BF4B-00C04F79EFBC}") = "Esercizio8", "Esercizio8\Esercizio8.csproj", "{25083C81-83DF-4CD6-8E31-4655384755E7}"
EndProject
Project("{FAE04EC0-301F-11D3-BF4B-00C04F79EFBC}") = "Esercizio9_1", "Esercizio9_1\Esercizio9_1.csproj", "{9E9186A6-33C1-4D8E-9B92-829C69E4ABEF}"
EndProject
Project("{FAE04EC0-301F-11D3-BF4B-00C04F79EFBC}") = "Esercizio12", "Esercizio12\Esercizio12.csproj", "{C7E6208A-4196-45F2-B149-AFAAAF12D772}"
EndProject
Project("{FAE04EC0-301F-11D3-BF4B-00C04F79EFBC}") = "Esercizio13_1", "Esercizio13_1\Esercizio13_1.csproj", "{42DB0EF2-7F82-4CC6-AA64-923A7006D182}"
EndProject
Project("{FAE04EC0-301F-11D3-BF4B-00C04F79EFBC}") = "Esercizio16", "Esercizio16\Esercizio16.csproj", "{B768DB2D-D872-4BA6-BAA9-E0F496F56D9F}"
EndProject
Global
	GlobalSection(SolutionConfigurationPlatforms) = preSolution
		Debug|Any CPU = Debug|Any CPU
		Release|Any CPU = Release|Any CPU
	EndGlobalSection
	GlobalSection(ProjectConfigurationPlatforms) = postSolution
		{0F99C137-561C-496D-99CD-E1BB838447EB}.Debug|Any CPU.ActiveCfg = Debug|Any CPU
		{0F99C137-561C-496D-99CD-E1BB838447EB}.Debug|Any CPU.Build.0 = Debug|Any CPU
		{0F99C137-561C-496D-99CD-E1BB838447EB}.Release|Any CPU.ActiveCfg = Release|Any CPU
		{0F99C137-561C-496D-99CD-E1BB838447EB}.Release|Any CPU.Build.0 = Release|Any CPU
		{5C1EFC1A-3CD0-41C1-BB9C-F12835761180}.Debug|Any CPU.ActiveCfg = Debug|Any CPU
		{5C1EFC1A-3CD0-41C1-BB9C-F12835761180}.Debug|Any CPU.Build.0 = Debug|Any CPU
		{5C1EFC1A-3CD0-41C1-BB9C-F12835761180}.Release|Any CPU.ActiveCfg = Release|Any CPU
		{5C1EFC1A-3CD0-41C1-BB9C-F12835761180}.Release|Any CPU.Build.0 = Release|Any CPU
		{D1656C05-5588-4DC2-8183-424A8D6327FE}.Debug|Any CPU.ActiveCfg = Debug|Any CPU
		{D1656C05-5588-4DC2-8183-424A8D6327FE}.Debug|Any CPU.Build.0 = Debug|Any CPU
		{D1656C05-5588-4DC2-8183-424A8D6327FE}.Release|Any CPU.ActiveCfg = Release|Any CPU
		{D1656C05-5588-4DC2-8183-424A8D6327FE}.Release|Any CPU.Build.0 = Release|Any CPU
		{6719F11E-72BB-4DA7-9DA8-21F8AC92D739}.Debug|Any CPU.ActiveCfg = Debug|Any CPU
		{6719F11E-72BB-4DA7-9DA8-21F8AC92D739}.Debug|Any CPU.Build.0 = Debug|Any CPU
		{6719F11E-72BB-4DA7-9DA8-21F8AC92D739}.Release|Any CPU.ActiveCfg = Release|Any CPU
		{6719F11E-72BB-4DA7-9DA8-21F8AC92D739}.Release|Any CPU.Build.0 = Release|Any CPU
		{C15D01BF-867D-484A-9158-82FFBC20DF9D}.Debug|Any CPU.ActiveCfg = Debug|Any CPU
		{C15D01BF-867D-484A-9158-82FFBC20DF9D}.Debug|Any CPU.Build.0 = Debug|Any CPU
		{C15D01BF-867D-484A-9158-82FFBC20DF9D}.Release|Any CPU.ActiveCfg = Release|Any CPU
		{C15D01BF-867D-484A-9158-82FFBC20DF9D}.Release|Any CPU.Build.0 = Release|Any CPU
		{BA1B965B-68BF-41A6-8122-B51E1BCC65CD}.Debug|Any CPU.ActiveCfg = Debug|Any CPU
		{BA1B965B-68BF-41A6-8122-B51E1BCC65CD}.Debug|Any CPU.Build.0 = Debug|Any CPU
		{BA1B965B-68BF-41A6-8122-B51E1BCC65CD}.Release|Any CPU.ActiveCfg = Release|Any CPU
		{BA1B965B-68BF-41A6-8122-B51E1BCC65CD}.Release|Any CPU.Build.0 = Release|Any CPU
		{DF6AF3A8-7CDE-4A00-854E-96412A197A83}.Debug|Any CPU.ActiveCfg = Debug|Any CPU
		{DF6AF3A8-7CDE-4A00-854E-96412A197A83}.Debug|Any CPU.Build.0 = Debug|Any CPU
		{DF6AF3A8-7CDE-4A00-854E-96412A197A83}.Release|Any CPU.ActiveCfg = Release|Any CPU
		{DF6AF3A8-7CDE-4A00-854E-96412A197A83}.Release|Any CPU.Build.0 = Release|Any CPU
		{25083C81-83DF-4CD6-8E31-4655384755E7}.Debug|Any CPU.ActiveCfg = Debug|Any CPU
		{25083C81-83DF-4CD6-8E31-4655384755E7}.Debug|Any CPU.Build.0 = Debug|Any CPU
		{25083C81-83DF-4CD6-8E31-4655384755E7}.Release|Any CPU.ActiveCfg = Release|Any CPU
		{25083C81-83DF-4CD6-8E31-4655384755E7}.Release|Any CPU.Build.0 = Release|Any CPU
		{9E9186A6-33C1-4D8E-9B92-829C69E4ABEF}.Debug|Any CPU.ActiveCfg = Debug|Any CPU
		{9E9186A6-33C1-4D8E-9B92-829C69E4ABEF}.Debug|Any CPU.Build.0 = Debug|Any CPU
		{9E9186A6-33C1-4D8E-9B92-829C69E4ABEF}.Release|Any CPU.ActiveCfg = Release|Any CPU
		{9E9186A6-33C1-4D8E-9B92-829C69E4ABEF}.Release|Any CPU.Build.0 = Release|Any CPU
		{C7E6208A-4196-45F2-B149-AFAAAF12D772}.Debug|Any CPU.ActiveCfg = Debug|Any CPU
		{C7E6208A-4196-45F2-B149-AFAAAF12D772}.Debug|Any CPU.Build.0 = Debug|Any CPU
		{C7E6208A-4196-45F2-B149-AFAAAF12D772}.Release|Any CPU.ActiveCfg = Release|Any CPU
		{C7E6208A-4196-45F2-B149-AFAAAF12D772}.Release|Any CPU.Build.0 = Release|Any CPU
		{42DB0EF2-7F82-4CC6-AA64-923A7006D182}.Debug|Any CPU.ActiveCfg = Debug|Any CPU
		{42DB0EF2-7F82-4CC6-AA64-923A7006D182}.Debug|Any CPU.Build.0 = Debug|Any CPU
		{42DB0EF2-7F82-4CC6-AA64-923A7006D182}.Release|Any CPU.ActiveCfg = Release|Any CPU
		{42DB0EF2-7F82-4CC6-AA64-923A7006D182}.Release|Any CPU.Build.0 = Release|Any CPU
		{B768DB2D-D872-4BA6-BAA9-E0F496F56D9F}.Debug|Any CPU.ActiveCfg = Debug|Any CPU
		{B768DB2D-D872-4BA6-BAA9-E0F496F56D9F}.Debug|Any CPU.Build.0 = Debug|Any CPU
		{B768DB2D-D872-4BA6-BAA9-E0F496F56D9F}.Release|Any CPU.ActiveCfg = Release|Any CPU
		{B768DB2D-D872-4BA6-BAA9-E0F496F56D9F}.Release|Any CPU.Build.0 = Release|Any CPU
	EndGlobalSection
	GlobalSection(SolutionProperties) = preSolution
		HideSolutionNode = FALSE
	EndGlobalSection
	GlobalSection(ExtensibilityGlobals) = postSolution
		SolutionGuid = {891A478E-EB6E-4023-BAF5-98817F88DCDD}
	EndGlobalSection
EndGlobal
